// !$*UTF8*$!
{
	archiveVersion = 1;
	classes = {
	};
	objectVersion = 56;
	objects = {

/* Begin PBXBuildFile section */
		6766F2C12A1FC66600573CC2 /* History.swift in Sources */ = {isa = PBXBuildFile; fileRef = 6766F2C02A1FC66600573CC2 /* History.swift */; };
		678054A42A1B5ACE00B8A33B /* SIgnIn.swift in Sources */ = {isa = PBXBuildFile; fileRef = 678054A32A1B5ACE00B8A33B /* SIgnIn.swift */; };
		678054A72A1B5DE600B8A33B /* Authenticate.swift in Sources */ = {isa = PBXBuildFile; fileRef = 678054A62A1B5DE600B8A33B /* Authenticate.swift */; };
		678054AE2A1C601600B8A33B /* DataController.swift in Sources */ = {isa = PBXBuildFile; fileRef = 678054AD2A1C601600B8A33B /* DataController.swift */; };
		678054B12A1C604C00B8A33B /* AttendModel.xcdatamodeld in Sources */ = {isa = PBXBuildFile; fileRef = 678054AF2A1C604C00B8A33B /* AttendModel.xcdatamodeld */; };
		67AAA7CC2A1633B700C90753 /* CiCoApp.swift in Sources */ = {isa = PBXBuildFile; fileRef = 67AAA7CB2A1633B700C90753 /* CiCoApp.swift */; };
		67AAA7CE2A1633B700C90753 /* ContentView.swift in Sources */ = {isa = PBXBuildFile; fileRef = 67AAA7CD2A1633B700C90753 /* ContentView.swift */; };
		67AAA7D02A1633B900C90753 /* Assets.xcassets in Resources */ = {isa = PBXBuildFile; fileRef = 67AAA7CF2A1633B900C90753 /* Assets.xcassets */; };
		67AAA7D32A1633B900C90753 /* Preview Assets.xcassets in Resources */ = {isa = PBXBuildFile; fileRef = 67AAA7D22A1633B900C90753 /* Preview Assets.xcassets */; };
/* End PBXBuildFile section */

/* Begin PBXFileReference section */
		6766F2C02A1FC66600573CC2 /* History.swift */ = {isa = PBXFileReference; lastKnownFileType = sourcecode.swift; path = History.swift; sourceTree = "<group>"; };
		678054A32A1B5ACE00B8A33B /* SIgnIn.swift */ = {isa = PBXFileReference; lastKnownFileType = sourcecode.swift; path = SIgnIn.swift; sourceTree = "<group>"; };
		678054A52A1B5D3A00B8A33B /* CiCo.entitlements */ = {isa = PBXFileReference; lastKnownFileType = text.plist.entitlements; path = CiCo.entitlements; sourceTree = "<group>"; };
		678054A62A1B5DE600B8A33B /* Authenticate.swift */ = {isa = PBXFileReference; lastKnownFileType = sourcecode.swift; path = Authenticate.swift; sourceTree = "<group>"; };
		678054AD2A1C601600B8A33B /* DataController.swift */ = {isa = PBXFileReference; lastKnownFileType = sourcecode.swift; path = DataController.swift; sourceTree = "<group>"; };
		678054B02A1C604C00B8A33B /* AttendModel.xcdatamodel */ = {isa = PBXFileReference; lastKnownFileType = wrapper.xcdatamodel; path = AttendModel.xcdatamodel; sourceTree = "<group>"; };
		67AAA7C82A1633B700C90753 /* CiCo.app */ = {isa = PBXFileReference; explicitFileType = wrapper.application; includeInIndex = 0; path = CiCo.app; sourceTree = BUILT_PRODUCTS_DIR; };
		67AAA7CB2A1633B700C90753 /* CiCoApp.swift */ = {isa = PBXFileReference; lastKnownFileType = sourcecode.swift; path = CiCoApp.swift; sourceTree = "<group>"; };
		67AAA7CD2A1633B700C90753 /* ContentView.swift */ = {isa = PBXFileReference; lastKnownFileType = sourcecode.swift; path = ContentView.swift; sourceTree = "<group>"; };
		67AAA7CF2A1633B900C90753 /* Assets.xcassets */ = {isa = PBXFileReference; lastKnownFileType = folder.assetcatalog; path = Assets.xcassets; sourceTree = "<group>"; };
		67AAA7D22A1633B900C90753 /* Preview Assets.xcassets */ = {isa = PBXFileReference; lastKnownFileType = folder.assetcatalog; path = "Preview Assets.xcassets"; sourceTree = "<group>"; };
		67AAA7D92A16555300C90753 /* Info.plist */ = {isa = PBXFileReference; lastKnownFileType = text.plist; path = Info.plist; sourceTree = "<group>"; };
/* End PBXFileReference section */

/* Begin PBXFrameworksBuildPhase section */
		67AAA7C52A1633B700C90753 /* Frameworks */ = {
			isa = PBXFrameworksBuildPhase;
			buildActionMask = 2147483647;
			files = (
			);
			runOnlyForDeploymentPostprocessing = 0;
		};
/* End PBXFrameworksBuildPhase section */

/* Begin PBXGroup section */
		678054B22A1CACAF00B8A33B /* DataModel */ = {
			isa = PBXGroup;
			children = (
				678054AF2A1C604C00B8A33B /* AttendModel.xcdatamodeld */,
				678054AD2A1C601600B8A33B /* DataController.swift */,
			);
			path = DataModel;
			sourceTree = "<group>";
		};
		67AAA7BF2A1633B700C90753 = {
			isa = PBXGroup;
			children = (
				67AAA7CA2A1633B700C90753 /* CiCo */,
				67AAA7C92A1633B700C90753 /* Products */,
			);
			sourceTree = "<group>";
		};
		67AAA7C92A1633B700C90753 /* Products */ = {
			isa = PBXGroup;
			children = (
				67AAA7C82A1633B700C90753 /* CiCo.app */,
			);
			name = Products;
			sourceTree = "<group>";
		};
		67AAA7CA2A1633B700C90753 /* CiCo */ = {
			isa = PBXGroup;
			children = (
				678054B22A1CACAF00B8A33B /* DataModel */,
				678054A52A1B5D3A00B8A33B /* CiCo.entitlements */,
				67AAA7D92A16555300C90753 /* Info.plist */,
				6766F2C02A1FC66600573CC2 /* History.swift */,
				67AAA7CB2A1633B700C90753 /* CiCoApp.swift */,
				67AAA7CD2A1633B700C90753 /* ContentView.swift */,
				678054A32A1B5ACE00B8A33B /* SIgnIn.swift */,
				678054A62A1B5DE600B8A33B /* Authenticate.swift */,
				67AAA7CF2A1633B900C90753 /* Assets.xcassets */,
				67AAA7D12A1633B900C90753 /* Preview Content */,
			);
			path = CiCo;
			sourceTree = "<group>";
		};
		67AAA7D12A1633B900C90753 /* Preview Content */ = {
			isa = PBXGroup;
			children = (
				67AAA7D22A1633B900C90753 /* Preview Assets.xcassets */,
			);
			path = "Preview Content";
			sourceTree = "<group>";
		};
/* End PBXGroup section */

/* Begin PBXNativeTarget section */
		67AAA7C72A1633B700C90753 /* CiCo */ = {
			isa = PBXNativeTarget;
			buildConfigurationList = 67AAA7D62A1633B900C90753 /* Build configuration list for PBXNativeTarget "CiCo" */;
			buildPhases = (
				67AAA7C42A1633B700C90753 /* Sources */,
				67AAA7C52A1633B700C90753 /* Frameworks */,
				67AAA7C62A1633B700C90753 /* Resources */,
			);
			buildRules = (
			);
			dependencies = (
			);
			name = CiCo;
			productName = CiCo;
			productReference = 67AAA7C82A1633B700C90753 /* CiCo.app */;
			productType = "com.apple.product-type.application";
		};
/* End PBXNativeTarget section */

/* Begin PBXProject section */
		67AAA7C02A1633B700C90753 /* Project object */ = {
			isa = PBXProject;
			attributes = {
				BuildIndependentTargetsInParallel = 1;
				LastSwiftUpdateCheck = 1420;
				LastUpgradeCheck = 1420;
				TargetAttributes = {
					67AAA7C72A1633B700C90753 = {
						CreatedOnToolsVersion = 14.2;
					};
				};
			};
			buildConfigurationList = 67AAA7C32A1633B700C90753 /* Build configuration list for PBXProject "CiCo" */;
			compatibilityVersion = "Xcode 14.0";
			developmentRegion = en;
			hasScannedForEncodings = 0;
			knownRegions = (
				en,
				Base,
			);
			mainGroup = 67AAA7BF2A1633B700C90753;
			productRefGroup = 67AAA7C92A1633B700C90753 /* Products */;
			projectDirPath = "";
			projectRoot = "";
			targets = (
				67AAA7C72A1633B700C90753 /* CiCo */,
			);
		};
/* End PBXProject section */

/* Begin PBXResourcesBuildPhase section */
		67AAA7C62A1633B700C90753 /* Resources */ = {
			isa = PBXResourcesBuildPhase;
			buildActionMask = 2147483647;
			files = (
				67AAA7D32A1633B900C90753 /* Preview Assets.xcassets in Resources */,
				67AAA7D02A1633B900C90753 /* Assets.xcassets in Resources */,
			);
			runOnlyForDeploymentPostprocessing = 0;
		};
/* End PBXResourcesBuildPhase section */

/* Begin PBXSourcesBuildPhase section */
		67AAA7C42A1633B700C90753 /* Sources */ = {
			isa = PBXSourcesBuildPhase;
			buildActionMask = 2147483647;
			files = (
				678054AE2A1C601600B8A33B /* DataController.swift in Sources */,
				678054A72A1B5DE600B8A33B /* Authenticate.swift in Sources */,
				6766F2C12A1FC66600573CC2 /* History.swift in Sources */,
				678054A42A1B5ACE00B8A33B /* SIgnIn.swift in Sources */,
				678054B12A1C604C00B8A33B /* AttendModel.xcdatamodeld in Sources */,
				67AAA7CE2A1633B700C90753 /* ContentView.swift in Sources */,
				67AAA7CC2A1633B700C90753 /* CiCoApp.swift in Sources */,
			);
			runOnlyForDeploymentPostprocessing = 0;
		};
/* End PBXSourcesBuildPhase section */

/* Begin XCBuildConfiguration section */
		67AAA7D42A1633B900C90753 /* Debug */ = {
			isa = XCBuildConfiguration;
			buildSettings = {
				ALWAYS_SEARCH_USER_PATHS = NO;
				CLANG_ANALYZER_NONNULL = YES;
				CLANG_ANALYZER_NUMBER_OBJECT_CONVERSION = YES_AGGRESSIVE;
				CLANG_CXX_LANGUAGE_STANDARD = "gnu++20";
				CLANG_ENABLE_MODULES = YES;
				CLANG_ENABLE_OBJC_ARC = YES;
				CLANG_ENABLE_OBJC_WEAK = YES;
				CLANG_WARN_BLOCK_CAPTURE_AUTORELEASING = YES;
				CLANG_WARN_BOOL_CONVERSION = YES;
				CLANG_WARN_COMMA = YES;
				CLANG_WARN_CONSTANT_CONVERSION = YES;
				CLANG_WARN_DEPRECATED_OBJC_IMPLEMENTATIONS = YES;
				CLANG_WARN_DIRECT_OBJC_ISA_USAGE = YES_ERROR;
				CLANG_WARN_DOCUMENTATION_COMMENTS = YES;
				CLANG_WARN_EMPTY_BODY = YES;
				CLANG_WARN_ENUM_CONVERSION = YES;
				CLANG_WARN_INFINITE_RECURSION = YES;
				CLANG_WARN_INT_CONVERSION = YES;
				CLANG_WARN_NON_LITERAL_NULL_CONVERSION = YES;
				CLANG_WARN_OBJC_IMPLICIT_RETAIN_SELF = YES;
				CLANG_WARN_OBJC_LITERAL_CONVERSION = YES;
				CLANG_WARN_OBJC_ROOT_CLASS = YES_ERROR;
				CLANG_WARN_QUOTED_INCLUDE_IN_FRAMEWORK_HEADER = YES;
				CLANG_WARN_RANGE_LOOP_ANALYSIS = YES;
				CLANG_WARN_STRICT_PROTOTYPES = YES;
				CLANG_WARN_SUSPICIOUS_MOVE = YES;
				CLANG_WARN_UNGUARDED_AVAILABILITY = YES_AGGRESSIVE;
				CLANG_WARN_UNREACHABLE_CODE = YES;
				CLANG_WARN__DUPLICATE_METHOD_MATCH = YES;
				COPY_PHASE_STRIP = NO;
				DEBUG_INFORMATION_FORMAT = dwarf;
				ENABLE_STRICT_OBJC_MSGSEND = YES;
				ENABLE_TESTABILITY = YES;
				GCC_C_LANGUAGE_STANDARD = gnu11;
				GCC_DYNAMIC_NO_PIC = NO;
				GCC_NO_COMMON_BLOCKS = YES;
				GCC_OPTIMIZATION_LEVEL = 0;
				GCC_PREPROCESSOR_DEFINITIONS = (
					"DEBUG=1",
					"$(inherited)",
				);
				GCC_WARN_64_TO_32_BIT_CONVERSION = YES;
				GCC_WARN_ABOUT_RETURN_TYPE = YES_ERROR;
				GCC_WARN_UNDECLARED_SELECTOR = YES;
				GCC_WARN_UNINITIALIZED_AUTOS = YES_AGGRESSIVE;
				GCC_WARN_UNUSED_FUNCTION = YES;
				GCC_WARN_UNUSED_VARIABLE = YES;
				IPHONEOS_DEPLOYMENT_TARGET = 16.2;
				MTL_ENABLE_DEBUG_INFO = INCLUDE_SOURCE;
				MTL_FAST_MATH = YES;
				ONLY_ACTIVE_ARCH = YES;
				SDKROOT = iphoneos;
				SWIFT_ACTIVE_COMPILATION_CONDITIONS = DEBUG;
				SWIFT_OPTIMIZATION_LEVEL = "-Onone";
			};
			name = Debug;
		};
		67AAA7D52A1633B900C90753 /* Release */ = {
			isa = XCBuildConfiguration;
			buildSettings = {
				ALWAYS_SEARCH_USER_PATHS = NO;
				CLANG_ANALYZER_NONNULL = YES;
				CLANG_ANALYZER_NUMBER_OBJECT_CONVERSION = YES_AGGRESSIVE;
				CLANG_CXX_LANGUAGE_STANDARD = "gnu++20";
				CLANG_ENABLE_MODULES = YES;
				CLANG_ENABLE_OBJC_ARC = YES;
				CLANG_ENABLE_OBJC_WEAK = YES;
				CLANG_WARN_BLOCK_CAPTURE_AUTORELEASING = YES;
				CLANG_WARN_BOOL_CONVERSION = YES;
				CLANG_WARN_COMMA = YES;
				CLANG_WARN_CONSTANT_CONVERSION = YES;
				CLANG_WARN_DEPRECATED_OBJC_IMPLEMENTATIONS = YES;
				CLANG_WARN_DIRECT_OBJC_ISA_USAGE = YES_ERROR;
				CLANG_WARN_DOCUMENTATION_COMMENTS = YES;
				CLANG_WARN_EMPTY_BODY = YES;
				CLANG_WARN_ENUM_CONVERSION = YES;
				CLANG_WARN_INFINITE_RECURSION = YES;
				CLANG_WARN_INT_CONVERSION = YES;
				CLANG_WARN_NON_LITERAL_NULL_CONVERSION = YES;
				CLANG_WARN_OBJC_IMPLICIT_RETAIN_SELF = YES;
				CLANG_WARN_OBJC_LITERAL_CONVERSION = YES;
				CLANG_WARN_OBJC_ROOT_CLASS = YES_ERROR;
				CLANG_WARN_QUOTED_INCLUDE_IN_FRAMEWORK_HEADER = YES;
				CLANG_WARN_RANGE_LOOP_ANALYSIS = YES;
				CLANG_WARN_STRICT_PROTOTYPES = YES;
				CLANG_WARN_SUSPICIOUS_MOVE = YES;
				CLANG_WARN_UNGUARDED_AVAILABILITY = YES_AGGRESSIVE;
				CLANG_WARN_UNREACHABLE_CODE = YES;
				CLANG_WARN__DUPLICATE_METHOD_MATCH = YES;
				COPY_PHASE_STRIP = NO;
				DEBUG_INFORMATION_FORMAT = "dwarf-with-dsym";
				ENABLE_NS_ASSERTIONS = NO;
				ENABLE_STRICT_OBJC_MSGSEND = YES;
				GCC_C_LANGUAGE_STANDARD = gnu11;
				GCC_NO_COMMON_BLOCKS = YES;
				GCC_WARN_64_TO_32_BIT_CONVERSION = YES;
				GCC_WARN_ABOUT_RETURN_TYPE = YES_ERROR;
				GCC_WARN_UNDECLARED_SELECTOR = YES;
				GCC_WARN_UNINITIALIZED_AUTOS = YES_AGGRESSIVE;
				GCC_WARN_UNUSED_FUNCTION = YES;
				GCC_WARN_UNUSED_VARIABLE = YES;
				IPHONEOS_DEPLOYMENT_TARGET = 16.2;
				MTL_ENABLE_DEBUG_INFO = NO;
				MTL_FAST_MATH = YES;
				SDKROOT = iphoneos;
				SWIFT_COMPILATION_MODE = wholemodule;
				SWIFT_OPTIMIZATION_LEVEL = "-O";
				VALIDATE_PRODUCT = YES;
			};
			name = Release;
		};
		67AAA7D72A1633B900C90753 /* Debug */ = {
			isa = XCBuildConfiguration;
			buildSettings = {
				ASSETCATALOG_COMPILER_APPICON_NAME = AppIcon;
				ASSETCATALOG_COMPILER_GLOBAL_ACCENT_COLOR_NAME = AccentColor;
				CODE_SIGN_ENTITLEMENTS = CiCo/CiCo.entitlements;
				CODE_SIGN_STYLE = Automatic;
				CURRENT_PROJECT_VERSION = 1;
				DEVELOPMENT_ASSET_PATHS = "\"CiCo/Preview Content\"";
				DEVELOPMENT_TEAM = NXN8NQ7T5F;
				ENABLE_PREVIEWS = YES;
				GENERATE_INFOPLIST_FILE = YES;
				INFOPLIST_FILE = CiCo/Info.plist;
				INFOPLIST_KEY_NSFaceIDUsageDescription = "minta muka lo bang";
				INFOPLIST_KEY_NSLocationAlwaysAndWhenInUseUsageDescription = "to detect beacon";
				INFOPLIST_KEY_NSLocationWhenInUseUsageDescription = "Use Beacon";
				INFOPLIST_KEY_UIApplicationSceneManifest_Generation = YES;
				INFOPLIST_KEY_UIApplicationSupportsIndirectInputEvents = YES;
				INFOPLIST_KEY_UILaunchScreen_Generation = YES;
				INFOPLIST_KEY_UISupportedInterfaceOrientations_iPad = "UIInterfaceOrientationPortrait UIInterfaceOrientationPortraitUpsideDown UIInterfaceOrientationLandscapeLeft UIInterfaceOrientationLandscapeRight";
				INFOPLIST_KEY_UISupportedInterfaceOrientations_iPhone = "UIInterfaceOrientationPortrait UIInterfaceOrientationLandscapeLeft UIInterfaceOrientationLandscapeRight";
				LD_RUNPATH_SEARCH_PATHS = (
					"$(inherited)",
					"@executable_path/Frameworks",
				);
				MARKETING_VERSION = 1.0;
				PRODUCT_BUNDLE_IDENTIFIER = com.adityamariotanuhardja.CiCo;
				PRODUCT_NAME = "$(TARGET_NAME)";
				SWIFT_EMIT_LOC_STRINGS = YES;
				SWIFT_VERSION = 5.0;
				TARGETED_DEVICE_FAMILY = "1,2";
			};
			name = Debug;
		};
		67AAA7D82A1633B900C90753 /* Release */ = {
			isa = XCBuildConfiguration;
			buildSettings = {
				ASSETCATALOG_COMPILER_APPICON_NAME = AppIcon;
				ASSETCATALOG_COMPILER_GLOBAL_ACCENT_COLOR_NAME = AccentColor;
				CODE_SIGN_ENTITLEMENTS = CiCo/CiCo.entitlements;
				CODE_SIGN_STYLE = Automatic;
				CURRENT_PROJECT_VERSION = 1;
				DEVELOPMENT_ASSET_PATHS = "\"CiCo/Preview Content\"";
				DEVELOPMENT_TEAM = NXN8NQ7T5F;
				ENABLE_PREVIEWS = YES;
				GENERATE_INFOPLIST_FILE = YES;
				INFOPLIST_FILE = CiCo/Info.plist;
				INFOPLIST_KEY_NSFaceIDUsageDescription = "minta muka lo bang";
				INFOPLIST_KEY_NSLocationAlwaysAndWhenInUseUsageDescription = "to detect beacon";
				INFOPLIST_KEY_NSLocationWhenInUseUsageDescription = "Use Beacon";
				INFOPLIST_KEY_UIApplicationSceneManifest_Generation = YES;
				INFOPLIST_KEY_UIApplicationSupportsIndirectInputEvents = YES;
				INFOPLIST_KEY_UILaunchScreen_Generation = YES;
				INFOPLIST_KEY_UISupportedInterfaceOrientations_iPad = "UIInterfaceOrientationPortrait UIInterfaceOrientationPortraitUpsideDown UIInterfaceOrientationLandscapeLeft UIInterfaceOrientationLandscapeRight";
				INFOPLIST_KEY_UISupportedInterfaceOrientations_iPhone = "UIInterfaceOrientationPortrait UIInterfaceOrientationLandscapeLeft UIInterfaceOrientationLandscapeRight";
				LD_RUNPATH_SEARCH_PATHS = (
					"$(inherited)",
					"@executable_path/Frameworks",
				);
				MARKETING_VERSION = 1.0;
				PRODUCT_BUNDLE_IDENTIFIER = com.adityamariotanuhardja.CiCo;
				PRODUCT_NAME = "$(TARGET_NAME)";
				SWIFT_EMIT_LOC_STRINGS = YES;
				SWIFT_VERSION = 5.0;
				TARGETED_DEVICE_FAMILY = "1,2";
			};
			name = Release;
		};
/* End XCBuildConfiguration section */

/* Begin XCConfigurationList section */
		67AAA7C32A1633B700C90753 /* Build configuration list for PBXProject "CiCo" */ = {
			isa = XCConfigurationList;
			buildConfigurations = (
				67AAA7D42A1633B900C90753 /* Debug */,
				67AAA7D52A1633B900C90753 /* Release */,
			);
			defaultConfigurationIsVisible = 0;
			defaultConfigurationName = Release;
		};
		67AAA7D62A1633B900C90753 /* Build configuration list for PBXNativeTarget "CiCo" */ = {
			isa = XCConfigurationList;
			buildConfigurations = (
				67AAA7D72A1633B900C90753 /* Debug */,
				67AAA7D82A1633B900C90753 /* Release */,
			);
			defaultConfigurationIsVisible = 0;
			defaultConfigurationName = Release;
		};
/* End XCConfigurationList section */

/* Begin XCVersionGroup section */
		678054AF2A1C604C00B8A33B /* AttendModel.xcdatamodeld */ = {
			isa = XCVersionGroup;
			children = (
				678054B02A1C604C00B8A33B /* AttendModel.xcdatamodel */,
			);
			currentVersion = 678054B02A1C604C00B8A33B /* AttendModel.xcdatamodel */;
			path = AttendModel.xcdatamodeld;
			sourceTree = "<group>";
			versionGroupType = wrapper.xcdatamodel;
		};
/* End XCVersionGroup section */
	};
	rootObject = 67AAA7C02A1633B700C90753 /* Project object */;
}
